// !$*UTF8*$!
{
	archiveVersion = 1;
	classes = {
	};
	objectVersion = 55;
	objects = {

/* Begin PBXBuildFile section */
		6AF1579E279A73EC00660FE5 /* AppDelegate.swift in Sources */ = {isa = PBXBuildFile; fileRef = 6AF1579D279A73EC00660FE5 /* AppDelegate.swift */; };
		6AF157A0279A73EC00660FE5 /* SceneDelegate.swift in Sources */ = {isa = PBXBuildFile; fileRef = 6AF1579F279A73EC00660FE5 /* SceneDelegate.swift */; };
		6AF157A2279A73EC00660FE5 /* ViewController.swift in Sources */ = {isa = PBXBuildFile; fileRef = 6AF157A1279A73EC00660FE5 /* ViewController.swift */; };
		6AF157A5279A73EC00660FE5 /* Main.storyboard in Resources */ = {isa = PBXBuildFile; fileRef = 6AF157A3279A73EC00660FE5 /* Main.storyboard */; };
		6AF157A7279A73EE00660FE5 /* Assets.xcassets in Resources */ = {isa = PBXBuildFile; fileRef = 6AF157A6279A73EE00660FE5 /* Assets.xcassets */; };
		6AF157AA279A73EE00660FE5 /* LaunchScreen.storyboard in Resources */ = {isa = PBXBuildFile; fileRef = 6AF157A8279A73EE00660FE5 /* LaunchScreen.storyboard */; };
		6AF157B5279A73EE00660FE5 /* TipCalculatorTests.swift in Sources */ = {isa = PBXBuildFile; fileRef = 6AF157B4279A73EE00660FE5 /* TipCalculatorTests.swift */; };
		6AF157BF279A73EE00660FE5 /* TipCalculatorUITests.swift in Sources */ = {isa = PBXBuildFile; fileRef = 6AF157BE279A73EE00660FE5 /* TipCalculatorUITests.swift */; };
		6AF157C1279A73EE00660FE5 /* TipCalculatorUITestsLaunchTests.swift in Sources */ = {isa = PBXBuildFile; fileRef = 6AF157C0279A73EE00660FE5 /* TipCalculatorUITestsLaunchTests.swift */; };
		6AF157D0279A8C5600660FE5 /* SettingsViewController.swift in Sources */ = {isa = PBXBuildFile; fileRef = 6AF157CF279A8C5600660FE5 /* SettingsViewController.swift */; };
		6AF157D4279AA25000660FE5 /* UserPreferences.swift in Sources */ = {isa = PBXBuildFile; fileRef = 6AF157D3279AA25000660FE5 /* UserPreferences.swift */; };
/* End PBXBuildFile section */

/* Begin PBXContainerItemProxy section */
		6AF157B1279A73EE00660FE5 /* PBXContainerItemProxy */ = {
			isa = PBXContainerItemProxy;
			containerPortal = 6AF15792279A73EC00660FE5 /* Project object */;
			proxyType = 1;
			remoteGlobalIDString = 6AF15799279A73EC00660FE5;
			remoteInfo = TipCalculator;
		};
		6AF157BB279A73EE00660FE5 /* PBXContainerItemProxy */ = {
			isa = PBXContainerItemProxy;
			containerPortal = 6AF15792279A73EC00660FE5 /* Project object */;
			proxyType = 1;
			remoteGlobalIDString = 6AF15799279A73EC00660FE5;
			remoteInfo = TipCalculator;
		};
/* End PBXContainerItemProxy section */

/* Begin PBXFileReference section */
		6AF1579A279A73EC00660FE5 /* TipCalculator.app */ = {isa = PBXFileReference; explicitFileType = wrapper.application; includeInIndex = 0; path = TipCalculator.app; sourceTree = BUILT_PRODUCTS_DIR; };
		6AF1579D279A73EC00660FE5 /* AppDelegate.swift */ = {isa = PBXFileReference; lastKnownFileType = sourcecode.swift; path = AppDelegate.swift; sourceTree = "<group>"; };
		6AF1579F279A73EC00660FE5 /* SceneDelegate.swift */ = {isa = PBXFileReference; lastKnownFileType = sourcecode.swift; path = SceneDelegate.swift; sourceTree = "<group>"; };
		6AF157A1279A73EC00660FE5 /* ViewController.swift */ = {isa = PBXFileReference; lastKnownFileType = sourcecode.swift; path = ViewController.swift; sourceTree = "<group>"; };
		6AF157A4279A73EC00660FE5 /* Base */ = {isa = PBXFileReference; lastKnownFileType = file.storyboard; name = Base; path = Base.lproj/Main.storyboard; sourceTree = "<group>"; };
		6AF157A6279A73EE00660FE5 /* Assets.xcassets */ = {isa = PBXFileReference; lastKnownFileType = folder.assetcatalog; path = Assets.xcassets; sourceTree = "<group>"; };
		6AF157A9279A73EE00660FE5 /* Base */ = {isa = PBXFileReference; lastKnownFileType = file.storyboard; name = Base; path = Base.lproj/LaunchScreen.storyboard; sourceTree = "<group>"; };
		6AF157AB279A73EE00660FE5 /* Info.plist */ = {isa = PBXFileReference; lastKnownFileType = text.plist.xml; path = Info.plist; sourceTree = "<group>"; };
		6AF157B0279A73EE00660FE5 /* TipCalculatorTests.xctest */ = {isa = PBXFileReference; explicitFileType = wrapper.cfbundle; includeInIndex = 0; path = TipCalculatorTests.xctest; sourceTree = BUILT_PRODUCTS_DIR; };
		6AF157B4279A73EE00660FE5 /* TipCalculatorTests.swift */ = {isa = PBXFileReference; lastKnownFileType = sourcecode.swift; path = TipCalculatorTests.swift; sourceTree = "<group>"; };
		6AF157BA279A73EE00660FE5 /* TipCalculatorUITests.xctest */ = {isa = PBXFileReference; explicitFileType = wrapper.cfbundle; includeInIndex = 0; path = TipCalculatorUITests.xctest; sourceTree = BUILT_PRODUCTS_DIR; };
		6AF157BE279A73EE00660FE5 /* TipCalculatorUITests.swift */ = {isa = PBXFileReference; lastKnownFileType = sourcecode.swift; path = TipCalculatorUITests.swift; sourceTree = "<group>"; };
		6AF157C0279A73EE00660FE5 /* TipCalculatorUITestsLaunchTests.swift */ = {isa = PBXFileReference; lastKnownFileType = sourcecode.swift; path = TipCalculatorUITestsLaunchTests.swift; sourceTree = "<group>"; };
		6AF157CF279A8C5600660FE5 /* SettingsViewController.swift */ = {isa = PBXFileReference; lastKnownFileType = sourcecode.swift; path = SettingsViewController.swift; sourceTree = "<group>"; };
		6AF157D3279AA25000660FE5 /* UserPreferences.swift */ = {isa = PBXFileReference; lastKnownFileType = sourcecode.swift; path = UserPreferences.swift; sourceTree = "<group>"; };
/* End PBXFileReference section */

/* Begin PBXFrameworksBuildPhase section */
		6AF15797279A73EC00660FE5 /* Frameworks */ = {
			isa = PBXFrameworksBuildPhase;
			buildActionMask = 2147483647;
			files = (
			);
			runOnlyForDeploymentPostprocessing = 0;
		};
		6AF157AD279A73EE00660FE5 /* Frameworks */ = {
			isa = PBXFrameworksBuildPhase;
			buildActionMask = 2147483647;
			files = (
			);
			runOnlyForDeploymentPostprocessing = 0;
		};
		6AF157B7279A73EE00660FE5 /* Frameworks */ = {
			isa = PBXFrameworksBuildPhase;
			buildActionMask = 2147483647;
			files = (
			);
			runOnlyForDeploymentPostprocessing = 0;
		};
/* End PBXFrameworksBuildPhase section */

/* Begin PBXGroup section */
		6AF15791279A73EC00660FE5 = {
			isa = PBXGroup;
			children = (
				6AF1579C279A73EC00660FE5 /* TipCalculator */,
				6AF157B3279A73EE00660FE5 /* TipCalculatorTests */,
				6AF157BD279A73EE00660FE5 /* TipCalculatorUITests */,
				6AF1579B279A73EC00660FE5 /* Products */,
			);
			sourceTree = "<group>";
		};
		6AF1579B279A73EC00660FE5 /* Products */ = {
			isa = PBXGroup;
			children = (
				6AF1579A279A73EC00660FE5 /* TipCalculator.app */,
				6AF157B0279A73EE00660FE5 /* TipCalculatorTests.xctest */,
				6AF157BA279A73EE00660FE5 /* TipCalculatorUITests.xctest */,
			);
			name = Products;
			sourceTree = "<group>";
		};
		6AF1579C279A73EC00660FE5 /* TipCalculator */ = {
			isa = PBXGroup;
			children = (
				6AF1579D279A73EC00660FE5 /* AppDelegate.swift */,
				6AF1579F279A73EC00660FE5 /* SceneDelegate.swift */,
				6AF157A1279A73EC00660FE5 /* ViewController.swift */,
				6AF157A3279A73EC00660FE5 /* Main.storyboard */,
				6AF157A6279A73EE00660FE5 /* Assets.xcassets */,
				6AF157A8279A73EE00660FE5 /* LaunchScreen.storyboard */,
				6AF157AB279A73EE00660FE5 /* Info.plist */,
				6AF157CF279A8C5600660FE5 /* SettingsViewController.swift */,
				6AF157D3279AA25000660FE5 /* UserPreferences.swift */,
			);
			path = TipCalculator;
			sourceTree = "<group>";
		};
		6AF157B3279A73EE00660FE5 /* TipCalculatorTests */ = {
			isa = PBXGroup;
			children = (
				6AF157B4279A73EE00660FE5 /* TipCalculatorTests.swift */,
			);
			path = TipCalculatorTests;
			sourceTree = "<group>";
		};
		6AF157BD279A73EE00660FE5 /* TipCalculatorUITests */ = {
			isa = PBXGroup;
			children = (
				6AF157BE279A73EE00660FE5 /* TipCalculatorUITests.swift */,
				6AF157C0279A73EE00660FE5 /* TipCalculatorUITestsLaunchTests.swift */,
			);
			path = TipCalculatorUITests;
			sourceTree = "<group>";
		};
/* End PBXGroup section */

/* Begin PBXNativeTarget section */
		6AF15799279A73EC00660FE5 /* TipCalculator */ = {
			isa = PBXNativeTarget;
			buildConfigurationList = 6AF157C4279A73EE00660FE5 /* Build configuration list for PBXNativeTarget "TipCalculator" */;
			buildPhases = (
				6AF15796279A73EC00660FE5 /* Sources */,
				6AF15797279A73EC00660FE5 /* Frameworks */,
				6AF15798279A73EC00660FE5 /* Resources */,
			);
			buildRules = (
			);
			dependencies = (
			);
			name = TipCalculator;
			productName = TipCalculator;
			productReference = 6AF1579A279A73EC00660FE5 /* TipCalculator.app */;
			productType = "com.apple.product-type.application";
		};
		6AF157AF279A73EE00660FE5 /* TipCalculatorTests */ = {
			isa = PBXNativeTarget;
			buildConfigurationList = 6AF157C7279A73EE00660FE5 /* Build configuration list for PBXNativeTarget "TipCalculatorTests" */;
			buildPhases = (
				6AF157AC279A73EE00660FE5 /* Sources */,
				6AF157AD279A73EE00660FE5 /* Frameworks */,
				6AF157AE279A73EE00660FE5 /* Resources */,
			);
			buildRules = (
			);
			dependencies = (
				6AF157B2279A73EE00660FE5 /* PBXTargetDependency */,
			);
			name = TipCalculatorTests;
			productName = TipCalculatorTests;
			productReference = 6AF157B0279A73EE00660FE5 /* TipCalculatorTests.xctest */;
			productType = "com.apple.product-type.bundle.unit-test";
		};
		6AF157B9279A73EE00660FE5 /* TipCalculatorUITests */ = {
			isa = PBXNativeTarget;
			buildConfigurationList = 6AF157CA279A73EE00660FE5 /* Build configuration list for PBXNativeTarget "TipCalculatorUITests" */;
			buildPhases = (
				6AF157B6279A73EE00660FE5 /* Sources */,
				6AF157B7279A73EE00660FE5 /* Frameworks */,
				6AF157B8279A73EE00660FE5 /* Resources */,
			);
			buildRules = (
			);
			dependencies = (
				6AF157BC279A73EE00660FE5 /* PBXTargetDependency */,
			);
			name = TipCalculatorUITests;
			productName = TipCalculatorUITests;
			productReference = 6AF157BA279A73EE00660FE5 /* TipCalculatorUITests.xctest */;
			productType = "com.apple.product-type.bundle.ui-testing";
		};
/* End PBXNativeTarget section */

/* Begin PBXProject section */
		6AF15792279A73EC00660FE5 /* Project object */ = {
			isa = PBXProject;
			attributes = {
				BuildIndependentTargetsInParallel = 1;
				LastSwiftUpdateCheck = 1320;
				LastUpgradeCheck = 1320;
				TargetAttributes = {
					6AF15799279A73EC00660FE5 = {
						CreatedOnToolsVersion = 13.2.1;
					};
					6AF157AF279A73EE00660FE5 = {
						CreatedOnToolsVersion = 13.2.1;
						TestTargetID = 6AF15799279A73EC00660FE5;
					};
					6AF157B9279A73EE00660FE5 = {
						CreatedOnToolsVersion = 13.2.1;
						TestTargetID = 6AF15799279A73EC00660FE5;
					};
				};
			};
			buildConfigurationList = 6AF15795279A73EC00660FE5 /* Build configuration list for PBXProject "TipCalculator" */;
			compatibilityVersion = "Xcode 13.0";
			developmentRegion = en;
			hasScannedForEncodings = 0;
			knownRegions = (
				en,
				Base,
			);
			mainGroup = 6AF15791279A73EC00660FE5;
			productRefGroup = 6AF1579B279A73EC00660FE5 /* Products */;
			projectDirPath = "";
			projectRoot = "";
			targets = (
				6AF15799279A73EC00660FE5 /* TipCalculator */,
				6AF157AF279A73EE00660FE5 /* TipCalculatorTests */,
				6AF157B9279A73EE00660FE5 /* TipCalculatorUITests */,
			);
		};
/* End PBXProject section */

/* Begin PBXResourcesBuildPhase section */
		6AF15798279A73EC00660FE5 /* Resources */ = {
			isa = PBXResourcesBuildPhase;
			buildActionMask = 2147483647;
			files = (
				6AF157AA279A73EE00660FE5 /* LaunchScreen.storyboard in Resources */,
				6AF157A7279A73EE00660FE5 /* Assets.xcassets in Resources */,
				6AF157A5279A73EC00660FE5 /* Main.storyboard in Resources */,
			);
			runOnlyForDeploymentPostprocessing = 0;
		};
		6AF157AE279A73EE00660FE5 /* Resources */ = {
			isa = PBXResourcesBuildPhase;
			buildActionMask = 2147483647;
			files = (
			);
			runOnlyForDeploymentPostprocessing = 0;
		};
		6AF157B8279A73EE00660FE5 /* Resources */ = {
			isa = PBXResourcesBuildPhase;
			buildActionMask = 2147483647;
			files = (
			);
			runOnlyForDeploymentPostprocessing = 0;
		};
/* End PBXResourcesBuildPhase section */

/* Begin PBXSourcesBuildPhase section */
		6AF15796279A73EC00660FE5 /* Sources */ = {
			isa = PBXSourcesBuildPhase;
			buildActionMask = 2147483647;
			files = (
				6AF157D4279AA25000660FE5 /* UserPreferences.swift in Sources */,
				6AF157A2279A73EC00660FE5 /* ViewController.swift in Sources */,
				6AF1579E279A73EC00660FE5 /* AppDelegate.swift in Sources */,
				6AF157A0279A73EC00660FE5 /* SceneDelegate.swift in Sources */,
				6AF157D0279A8C5600660FE5 /* SettingsViewController.swift in Sources */,
			);
			runOnlyForDeploymentPostprocessing = 0;
		};
		6AF157AC279A73EE00660FE5 /* Sources */ = {
			isa = PBXSourcesBuildPhase;
			buildActionMask = 2147483647;
			files = (
				6AF157B5279A73EE00660FE5 /* TipCalculatorTests.swift in Sources */,
			);
			runOnlyForDeploymentPostprocessing = 0;
		};
		6AF157B6279A73EE00660FE5 /* Sources */ = {
			isa = PBXSourcesBuildPhase;
			buildActionMask = 2147483647;
			files = (
				6AF157C1279A73EE00660FE5 /* TipCalculatorUITestsLaunchTests.swift in Sources */,
				6AF157BF279A73EE00660FE5 /* TipCalculatorUITests.swift in Sources */,
			);
			runOnlyForDeploymentPostprocessing = 0;
		};
/* End PBXSourcesBuildPhase section */

/* Begin PBXTargetDependency section */
		6AF157B2279A73EE00660FE5 /* PBXTargetDependency */ = {
			isa = PBXTargetDependency;
			target = 6AF15799279A73EC00660FE5 /* TipCalculator */;
			targetProxy = 6AF157B1279A73EE00660FE5 /* PBXContainerItemProxy */;
		};
		6AF157BC279A73EE00660FE5 /* PBXTargetDependency */ = {
			isa = PBXTargetDependency;
			target = 6AF15799279A73EC00660FE5 /* TipCalculator */;
			targetProxy = 6AF157BB279A73EE00660FE5 /* PBXContainerItemProxy */;
		};
/* End PBXTargetDependency section */

/* Begin PBXVariantGroup section */
		6AF157A3279A73EC00660FE5 /* Main.storyboard */ = {
			isa = PBXVariantGroup;
			children = (
				6AF157A4279A73EC00660FE5 /* Base */,
			);
			name = Main.storyboard;
			sourceTree = "<group>";
		};
		6AF157A8279A73EE00660FE5 /* LaunchScreen.storyboard */ = {
			isa = PBXVariantGroup;
			children = (
				6AF157A9279A73EE00660FE5 /* Base */,
			);
			name = LaunchScreen.storyboard;
			sourceTree = "<group>";
		};
/* End PBXVariantGroup section */

/* Begin XCBuildConfiguration section */
		6AF157C2279A73EE00660FE5 /* Debug */ = {
			isa = XCBuildConfiguration;
			buildSettings = {
				ALWAYS_SEARCH_USER_PATHS = NO;
				CLANG_ANALYZER_NONNULL = YES;
				CLANG_ANALYZER_NUMBER_OBJECT_CONVERSION = YES_AGGRESSIVE;
				CLANG_CXX_LANGUAGE_STANDARD = "gnu++17";
				CLANG_CXX_LIBRARY = "libc++";
				CLANG_ENABLE_MODULES = YES;
				CLANG_ENABLE_OBJC_ARC = YES;
				CLANG_ENABLE_OBJC_WEAK = YES;
				CLANG_WARN_BLOCK_CAPTURE_AUTORELEASING = YES;
				CLANG_WARN_BOOL_CONVERSION = YES;
				CLANG_WARN_COMMA = YES;
				CLANG_WARN_CONSTANT_CONVERSION = YES;
				CLANG_WARN_DEPRECATED_OBJC_IMPLEMENTATIONS = YES;
				CLANG_WARN_DIRECT_OBJC_ISA_USAGE = YES_ERROR;
				CLANG_WARN_DOCUMENTATION_COMMENTS = YES;
				CLANG_WARN_EMPTY_BODY = YES;
				CLANG_WARN_ENUM_CONVERSION = YES;
				CLANG_WARN_INFINITE_RECURSION = YES;
				CLANG_WARN_INT_CONVERSION = YES;
				CLANG_WARN_NON_LITERAL_NULL_CONVERSION = YES;
				CLANG_WARN_OBJC_IMPLICIT_RETAIN_SELF = YES;
				CLANG_WARN_OBJC_LITERAL_CONVERSION = YES;
				CLANG_WARN_OBJC_ROOT_CLASS = YES_ERROR;
				CLANG_WARN_QUOTED_INCLUDE_IN_FRAMEWORK_HEADER = YES;
				CLANG_WARN_RANGE_LOOP_ANALYSIS = YES;
				CLANG_WARN_STRICT_PROTOTYPES = YES;
				CLANG_WARN_SUSPICIOUS_MOVE = YES;
				CLANG_WARN_UNGUARDED_AVAILABILITY = YES_AGGRESSIVE;
				CLANG_WARN_UNREACHABLE_CODE = YES;
				CLANG_WARN__DUPLICATE_METHOD_MATCH = YES;
				COPY_PHASE_STRIP = NO;
				DEBUG_INFORMATION_FORMAT = dwarf;
				ENABLE_STRICT_OBJC_MSGSEND = YES;
				ENABLE_TESTABILITY = YES;
				GCC_C_LANGUAGE_STANDARD = gnu11;
				GCC_DYNAMIC_NO_PIC = NO;
				GCC_NO_COMMON_BLOCKS = YES;
				GCC_OPTIMIZATION_LEVEL = 0;
				GCC_PREPROCESSOR_DEFINITIONS = (
					"DEBUG=1",
					"$(inherited)",
				);
				GCC_WARN_64_TO_32_BIT_CONVERSION = YES;
				GCC_WARN_ABOUT_RETURN_TYPE = YES_ERROR;
				GCC_WARN_UNDECLARED_SELECTOR = YES;
				GCC_WARN_UNINITIALIZED_AUTOS = YES_AGGRESSIVE;
				GCC_WARN_UNUSED_FUNCTION = YES;
				GCC_WARN_UNUSED_VARIABLE = YES;
				IPHONEOS_DEPLOYMENT_TARGET = 15.2;
				MTL_ENABLE_DEBUG_INFO = INCLUDE_SOURCE;
				MTL_FAST_MATH = YES;
				ONLY_ACTIVE_ARCH = YES;
				SDKROOT = iphoneos;
				SWIFT_ACTIVE_COMPILATION_CONDITIONS = DEBUG;
				SWIFT_OPTIMIZATION_LEVEL = "-Onone";
			};
			name = Debug;
		};
		6AF157C3279A73EE00660FE5 /* Release */ = {
			isa = XCBuildConfiguration;
			buildSettings = {
				ALWAYS_SEARCH_USER_PATHS = NO;
				CLANG_ANALYZER_NONNULL = YES;
				CLANG_ANALYZER_NUMBER_OBJECT_CONVERSION = YES_AGGRESSIVE;
				CLANG_CXX_LANGUAGE_STANDARD = "gnu++17";
				CLANG_CXX_LIBRARY = "libc++";
				CLANG_ENABLE_MODULES = YES;
				CLANG_ENABLE_OBJC_ARC = YES;
				CLANG_ENABLE_OBJC_WEAK = YES;
				CLANG_WARN_BLOCK_CAPTURE_AUTORELEASING = YES;
				CLANG_WARN_BOOL_CONVERSION = YES;
				CLANG_WARN_COMMA = YES;
				CLANG_WARN_CONSTANT_CONVERSION = YES;
				CLANG_WARN_DEPRECATED_OBJC_IMPLEMENTATIONS = YES;
				CLANG_WARN_DIRECT_OBJC_ISA_USAGE = YES_ERROR;
				CLANG_WARN_DOCUMENTATION_COMMENTS = YES;
				CLANG_WARN_EMPTY_BODY = YES;
				CLANG_WARN_ENUM_CONVERSION = YES;
				CLANG_WARN_INFINITE_RECURSION = YES;
				CLANG_WARN_INT_CONVERSION = YES;
				CLANG_WARN_NON_LITERAL_NULL_CONVERSION = YES;
				CLANG_WARN_OBJC_IMPLICIT_RETAIN_SELF = YES;
				CLANG_WARN_OBJC_LITERAL_CONVERSION = YES;
				CLANG_WARN_OBJC_ROOT_CLASS = YES_ERROR;
				CLANG_WARN_QUOTED_INCLUDE_IN_FRAMEWORK_HEADER = YES;
				CLANG_WARN_RANGE_LOOP_ANALYSIS = YES;
				CLANG_WARN_STRICT_PROTOTYPES = YES;
				CLANG_WARN_SUSPICIOUS_MOVE = YES;
				CLANG_WARN_UNGUARDED_AVAILABILITY = YES_AGGRESSIVE;
				CLANG_WARN_UNREACHABLE_CODE = YES;
				CLANG_WARN__DUPLICATE_METHOD_MATCH = YES;
				COPY_PHASE_STRIP = NO;
				DEBUG_INFORMATION_FORMAT = "dwarf-with-dsym";
				ENABLE_NS_ASSERTIONS = NO;
				ENABLE_STRICT_OBJC_MSGSEND = YES;
				GCC_C_LANGUAGE_STANDARD = gnu11;
				GCC_NO_COMMON_BLOCKS = YES;
				GCC_WARN_64_TO_32_BIT_CONVERSION = YES;
				GCC_WARN_ABOUT_RETURN_TYPE = YES_ERROR;
				GCC_WARN_UNDECLARED_SELECTOR = YES;
				GCC_WARN_UNINITIALIZED_AUTOS = YES_AGGRESSIVE;
				GCC_WARN_UNUSED_FUNCTION = YES;
				GCC_WARN_UNUSED_VARIABLE = YES;
				IPHONEOS_DEPLOYMENT_TARGET = 15.2;
				MTL_ENABLE_DEBUG_INFO = NO;
				MTL_FAST_MATH = YES;
				SDKROOT = iphoneos;
				SWIFT_COMPILATION_MODE = wholemodule;
				SWIFT_OPTIMIZATION_LEVEL = "-O";
				VALIDATE_PRODUCT = YES;
			};
			name = Release;
		};
		6AF157C5279A73EE00660FE5 /* Debug */ = {
			isa = XCBuildConfiguration;
			buildSettings = {
				ASSETCATALOG_COMPILER_APPICON_NAME = AppIcon;
				ASSETCATALOG_COMPILER_GLOBAL_ACCENT_COLOR_NAME = AccentColor;
				CODE_SIGN_STYLE = Automatic;
				CURRENT_PROJECT_VERSION = 1;
				GENERATE_INFOPLIST_FILE = YES;
				INFOPLIST_FILE = TipCalculator/Info.plist;
				INFOPLIST_KEY_UIApplicationSupportsIndirectInputEvents = YES;
				INFOPLIST_KEY_UILaunchStoryboardName = LaunchScreen;
				INFOPLIST_KEY_UIMainStoryboardFile = Main;
				INFOPLIST_KEY_UISupportedInterfaceOrientations_iPad = "UIInterfaceOrientationPortrait UIInterfaceOrientationPortraitUpsideDown UIInterfaceOrientationLandscapeLeft UIInterfaceOrientationLandscapeRight";
				INFOPLIST_KEY_UISupportedInterfaceOrientations_iPhone = "UIInterfaceOrientationPortrait UIInterfaceOrientationLandscapeLeft UIInterfaceOrientationLandscapeRight";
				LD_RUNPATH_SEARCH_PATHS = (
					"$(inherited)",
					"@executable_path/Frameworks",
				);
				MARKETING_VERSION = 1.0;
				PRODUCT_BUNDLE_IDENTIFIER = "Albert-Tadros.TipCalculator";
				PRODUCT_NAME = "$(TARGET_NAME)";
				SWIFT_EMIT_LOC_STRINGS = YES;
				SWIFT_VERSION = 5.0;
				TARGETED_DEVICE_FAMILY = "1,2";
			};
			name = Debug;
		};
		6AF157C6279A73EE00660FE5 /* Release */ = {
			isa = XCBuildConfiguration;
			buildSettings = {
				ASSETCATALOG_COMPILER_APPICON_NAME = AppIcon;
				ASSETCATALOG_COMPILER_GLOBAL_ACCENT_COLOR_NAME = AccentColor;
				CODE_SIGN_STYLE = Automatic;
				CURRENT_PROJECT_VERSION = 1;
				GENERATE_INFOPLIST_FILE = YES;
				INFOPLIST_FILE = TipCalculator/Info.plist;
				INFOPLIST_KEY_UIApplicationSupportsIndirectInputEvents = YES;
				INFOPLIST_KEY_UILaunchStoryboardName = LaunchScreen;
				INFOPLIST_KEY_UIMainStoryboardFile = Main;
				INFOPLIST_KEY_UISupportedInterfaceOrientations_iPad = "UIInterfaceOrientationPortrait UIInterfaceOrientationPortraitUpsideDown UIInterfaceOrientationLandscapeLeft UIInterfaceOrientationLandscapeRight";
				INFOPLIST_KEY_UISupportedInterfaceOrientations_iPhone = "UIInterfaceOrientationPortrait UIInterfaceOrientationLandscapeLeft UIInterfaceOrientationLandscapeRight";
				LD_RUNPATH_SEARCH_PATHS = (
					"$(inherited)",
					"@executable_path/Frameworks",
				);
				MARKETING_VERSION = 1.0;
				PRODUCT_BUNDLE_IDENTIFIER = "Albert-Tadros.TipCalculator";
				PRODUCT_NAME = "$(TARGET_NAME)";
				SWIFT_EMIT_LOC_STRINGS = YES;
				SWIFT_VERSION = 5.0;
				TARGETED_DEVICE_FAMILY = "1,2";
			};
			name = Release;
		};
		6AF157C8279A73EE00660FE5 /* Debug */ = {
			isa = XCBuildConfiguration;
			buildSettings = {
				ALWAYS_EMBED_SWIFT_STANDARD_LIBRARIES = YES;
				BUNDLE_LOADER = "$(TEST_HOST)";
				CODE_SIGN_STYLE = Automatic;
				CURRENT_PROJECT_VERSION = 1;
				GENERATE_INFOPLIST_FILE = YES;
				IPHONEOS_DEPLOYMENT_TARGET = 15.2;
				MARKETING_VERSION = 1.0;
				PRODUCT_BUNDLE_IDENTIFIER = "Albert-Tadros.TipCalculatorTests";
				PRODUCT_NAME = "$(TARGET_NAME)";
				SWIFT_EMIT_LOC_STRINGS = NO;
				SWIFT_VERSION = 5.0;
				TARGETED_DEVICE_FAMILY = "1,2";
				TEST_HOST = "$(BUILT_PRODUCTS_DIR)/TipCalculator.app/TipCalculator";
			};
			name = Debug;
		};
		6AF157C9279A73EE00660FE5 /* Release */ = {
			isa = XCBuildConfiguration;
			buildSettings = {
				ALWAYS_EMBED_SWIFT_STANDARD_LIBRARIES = YES;
				BUNDLE_LOADER = "$(TEST_HOST)";
				CODE_SIGN_STYLE = Automatic;
				CURRENT_PROJECT_VERSION = 1;
				GENERATE_INFOPLIST_FILE = YES;
				IPHONEOS_DEPLOYMENT_TARGET = 15.2;
				MARKETING_VERSION = 1.0;
				PRODUCT_BUNDLE_IDENTIFIER = "Albert-Tadros.TipCalculatorTests";
				PRODUCT_NAME = "$(TARGET_NAME)";
				SWIFT_EMIT_LOC_STRINGS = NO;
				SWIFT_VERSION = 5.0;
				TARGETED_DEVICE_FAMILY = "1,2";
				TEST_HOST = "$(BUILT_PRODUCTS_DIR)/TipCalculator.app/TipCalculator";
			};
			name = Release;
		};
		6AF157CB279A73EE00660FE5 /* Debug */ = {
			isa = XCBuildConfiguration;
			buildSettings = {
				ALWAYS_EMBED_SWIFT_STANDARD_LIBRARIES = YES;
				CODE_SIGN_STYLE = Automatic;
				CURRENT_PROJECT_VERSION = 1;
				GENERATE_INFOPLIST_FILE = YES;
				MARKETING_VERSION = 1.0;
				PRODUCT_BUNDLE_IDENTIFIER = "Albert-Tadros.TipCalculatorUITests";
				PRODUCT_NAME = "$(TARGET_NAME)";
				SWIFT_EMIT_LOC_STRINGS = NO;
				SWIFT_VERSION = 5.0;
				TARGETED_DEVICE_FAMILY = "1,2";
				TEST_TARGET_NAME = TipCalculator;
			};
			name = Debug;
		};
		6AF157CC279A73EE00660FE5 /* Release */ = {
			isa = XCBuildConfiguration;
			buildSettings = {
				ALWAYS_EMBED_SWIFT_STANDARD_LIBRARIES = YES;
				CODE_SIGN_STYLE = Automatic;
				CURRENT_PROJECT_VERSION = 1;
				GENERATE_INFOPLIST_FILE = YES;
				MARKETING_VERSION = 1.0;
				PRODUCT_BUNDLE_IDENTIFIER = "Albert-Tadros.TipCalculatorUITests";
				PRODUCT_NAME = "$(TARGET_NAME)";
				SWIFT_EMIT_LOC_STRINGS = NO;
				SWIFT_VERSION = 5.0;
				TARGETED_DEVICE_FAMILY = "1,2";
				TEST_TARGET_NAME = TipCalculator;
			};
			name = Release;
		};
/* End XCBuildConfiguration section */

/* Begin XCConfigurationList section */
		6AF15795279A73EC00660FE5 /* Build configuration list for PBXProject "TipCalculator" */ = {
			isa = XCConfigurationList;
			buildConfigurations = (
				6AF157C2279A73EE00660FE5 /* Debug */,
				6AF157C3279A73EE00660FE5 /* Release */,
			);
			defaultConfigurationIsVisible = 0;
			defaultConfigurationName = Release;
		};
		6AF157C4279A73EE00660FE5 /* Build configuration list for PBXNativeTarget "TipCalculator" */ = {
			isa = XCConfigurationList;
			buildConfigurations = (
				6AF157C5279A73EE00660FE5 /* Debug */,
				6AF157C6279A73EE00660FE5 /* Release */,
			);
			defaultConfigurationIsVisible = 0;
			defaultConfigurationName = Release;
		};
		6AF157C7279A73EE00660FE5 /* Build configuration list for PBXNativeTarget "TipCalculatorTests" */ = {
			isa = XCConfigurationList;
			buildConfigurations = (
				6AF157C8279A73EE00660FE5 /* Debug */,
				6AF157C9279A73EE00660FE5 /* Release */,
			);
			defaultConfigurationIsVisible = 0;
			defaultConfigurationName = Release;
		};
		6AF157CA279A73EE00660FE5 /* Build configuration list for PBXNativeTarget "TipCalculatorUITests" */ = {
			isa = XCConfigurationList;
			buildConfigurations = (
				6AF157CB279A73EE00660FE5 /* Debug */,
				6AF157CC279A73EE00660FE5 /* Release */,
			);
			defaultConfigurationIsVisible = 0;
			defaultConfigurationName = Release;
		};
/* End XCConfigurationList section */
	};
	rootObject = 6AF15792279A73EC00660FE5 /* Project object */;
}
